
Microsoft Visual Studio Solution File, Format Version 12.00
# Visual Studio Version 16
VisualStudioVersion = 16.0.29806.167
MinimumVisualStudioVersion = 10.0.40219.1
Project("{FAE04EC0-301F-11D3-BF4B-00C04F79EFBC}") = "Lab1", "Lab1\Lab1.csproj", "{53A04388-01A6-4438-BAF0-409FE6C05D01}"
EndProject
Global
	GlobalSection(SolutionConfigurationPlatforms) = preSolution
		Debug|Any CPU = Debug|Any CPU
		Release|Any CPU = Release|Any CPU
	EndGlobalSection
	GlobalSection(ProjectConfigurationPlatforms) = postSolution
		{53A04388-01A6-4438-BAF0-409FE6C05D01}.Debug|Any CPU.ActiveCfg = Debug|Any CPU
		{53A04388-01A6-4438-BAF0-409FE6C05D01}.Debug|Any CPU.Build.0 = Debug|Any CPU
		{53A04388-01A6-4438-BAF0-409FE6C05D01}.Release|Any CPU.ActiveCfg = Release|Any CPU
		{53A04388-01A6-4438-BAF0-409FE6C05D01}.Release|Any CPU.Build.0 = Release|Any CPU
	EndGlobalSection
	GlobalSection(SolutionProperties) = preSolution
		HideSolutionNode = FALSE
	EndGlobalSection
	GlobalSection(ExtensibilityGlobals) = postSolution
		SolutionGuid = {3D67DA4C-F69F-4DAC-B623-D9C9ABB1E20D}
	EndGlobalSection
EndGlobal
